
Microsoft Visual Studio Solution File, Format Version 12.00
# Visual Studio Express 14 for Windows Desktop
VisualStudioVersion = 14.0.25420.1
MinimumVisualStudioVersion = 10.0.40219.1
Project("{FAE04EC0-301F-11D3-BF4B-00C04F79EFBC}") = "Farmacia.COMMON", "Farmacia.COMMON\Farmacia.COMMON.csproj", "{58B86C7E-ED29-4627-8DEA-8F7274B2B6BF}"
EndProject
Project("{FAE04EC0-301F-11D3-BF4B-00C04F79EFBC}") = "Farmacia.UI", "Farmacia.UI\Farmacia.UI.csproj", "{26FFBD8E-7EE1-45A8-93D7-8EA39C539920}"
EndProject
Global
	GlobalSection(SolutionConfigurationPlatforms) = preSolution
		Debug|Any CPU = Debug|Any CPU
		Release|Any CPU = Release|Any CPU
	EndGlobalSection
	GlobalSection(ProjectConfigurationPlatforms) = postSolution
		{58B86C7E-ED29-4627-8DEA-8F7274B2B6BF}.Debug|Any CPU.ActiveCfg = Debug|Any CPU
		{58B86C7E-ED29-4627-8DEA-8F7274B2B6BF}.Debug|Any CPU.Build.0 = Debug|Any CPU
		{58B86C7E-ED29-4627-8DEA-8F7274B2B6BF}.Release|Any CPU.ActiveCfg = Release|Any CPU
		{58B86C7E-ED29-4627-8DEA-8F7274B2B6BF}.Release|Any CPU.Build.0 = Release|Any CPU
		{26FFBD8E-7EE1-45A8-93D7-8EA39C539920}.Debug|Any CPU.ActiveCfg = Debug|Any CPU
		{26FFBD8E-7EE1-45A8-93D7-8EA39C539920}.Debug|Any CPU.Build.0 = Debug|Any CPU
		{26FFBD8E-7EE1-45A8-93D7-8EA39C539920}.Release|Any CPU.ActiveCfg = Release|Any CPU
		{26FFBD8E-7EE1-45A8-93D7-8EA39C539920}.Release|Any CPU.Build.0 = Release|Any CPU
	EndGlobalSection
	GlobalSection(SolutionProperties) = preSolution
		HideSolutionNode = FALSE
	EndGlobalSection
EndGlobal
